
Microsoft Visual Studio Solution File, Format Version 12.00
# Visual Studio Version 16
VisualStudioVersion = 16.0.32228.343
MinimumVisualStudioVersion = 10.0.40219.1
Project("{FAE04EC0-301F-11D3-BF4B-00C04F79EFBC}") = "homework", "3.14_Form_練習\homework.csproj", "{92A6A5E9-AC37-49A5-824E-A8C9090B04C5}"
EndProject
Global
	GlobalSection(SolutionConfigurationPlatforms) = preSolution
		Debug|Any CPU = Debug|Any CPU
		Release|Any CPU = Release|Any CPU
	EndGlobalSection
	GlobalSection(ProjectConfigurationPlatforms) = postSolution
		{92A6A5E9-AC37-49A5-824E-A8C9090B04C5}.Debug|Any CPU.ActiveCfg = Debug|Any CPU
		{92A6A5E9-AC37-49A5-824E-A8C9090B04C5}.Debug|Any CPU.Build.0 = Debug|Any CPU
		{92A6A5E9-AC37-49A5-824E-A8C9090B04C5}.Release|Any CPU.ActiveCfg = Release|Any CPU
		{92A6A5E9-AC37-49A5-824E-A8C9090B04C5}.Release|Any CPU.Build.0 = Release|Any CPU
	EndGlobalSection
	GlobalSection(SolutionProperties) = preSolution
		HideSolutionNode = FALSE
	EndGlobalSection
	GlobalSection(ExtensibilityGlobals) = postSolution
		SolutionGuid = {75344F33-9444-4C67-BDF7-C999EE51989A}
	EndGlobalSection
EndGlobal
